// !$*UTF8*$!
{
	archiveVersion = 1;
	classes = {
	};
	objectVersion = 56;
	objects = {

/* Begin PBXBuildFile section */
		9F1F1E742B4750FD00267928 /* Config.yml in Resources */ = {isa = PBXBuildFile; fileRef = 9F1F1E732B4750FD00267928 /* Config.yml */; };
		9F1F1E762B47522E00267928 /* ConfigurationManager.swift in Sources */ = {isa = PBXBuildFile; fileRef = 9F1F1E752B47522E00267928 /* ConfigurationManager.swift */; };
		9F1F1E792B47533800267928 /* Yams in Frameworks */ = {isa = PBXBuildFile; productRef = 9F1F1E782B47533800267928 /* Yams */; };
		9F4BC6F62B45B23D004792B7 /* Networking Manager.swift in Sources */ = {isa = PBXBuildFile; fileRef = 9F4BC6F52B45B23D004792B7 /* Networking Manager.swift */; };
		9F4D7F6B2B4741040088C371 /* TopRatedModel.swift in Sources */ = {isa = PBXBuildFile; fileRef = 9F4D7F6A2B4741040088C371 /* TopRatedModel.swift */; };
		9F4D7F6D2B4741810088C371 /* TMDbServiceViewModel.swift in Sources */ = {isa = PBXBuildFile; fileRef = 9F4D7F6C2B4741810088C371 /* TMDbServiceViewModel.swift */; };
		9F4D7F6F2B4744F70088C371 /* TopRatedShowsView.swift in Sources */ = {isa = PBXBuildFile; fileRef = 9F4D7F6E2B4744F70088C371 /* TopRatedShowsView.swift */; };
		9FF17A512B3F14C600D20640 /* MovieCatalog_appApp.swift in Sources */ = {isa = PBXBuildFile; fileRef = 9FF17A502B3F14C600D20640 /* MovieCatalog_appApp.swift */; };
		9FF17A532B3F14C600D20640 /* ContentView.swift in Sources */ = {isa = PBXBuildFile; fileRef = 9FF17A522B3F14C600D20640 /* ContentView.swift */; };
		9FF17A552B3F14C700D20640 /* Assets.xcassets in Resources */ = {isa = PBXBuildFile; fileRef = 9FF17A542B3F14C700D20640 /* Assets.xcassets */; };
		9FF17A592B3F14C700D20640 /* Preview Assets.xcassets in Resources */ = {isa = PBXBuildFile; fileRef = 9FF17A582B3F14C700D20640 /* Preview Assets.xcassets */; };
		9FF17A632B3F14C700D20640 /* MovieCatalog_appTests.swift in Sources */ = {isa = PBXBuildFile; fileRef = 9FF17A622B3F14C700D20640 /* MovieCatalog_appTests.swift */; };
		9FF17A6D2B3F14C800D20640 /* MovieCatalog_appUITests.swift in Sources */ = {isa = PBXBuildFile; fileRef = 9FF17A6C2B3F14C800D20640 /* MovieCatalog_appUITests.swift */; };
		9FF17A6F2B3F14C800D20640 /* MovieCatalog_appUITestsLaunchTests.swift in Sources */ = {isa = PBXBuildFile; fileRef = 9FF17A6E2B3F14C800D20640 /* MovieCatalog_appUITestsLaunchTests.swift */; };
		9FF17A7C2B3F426900D20640 /* Api call.swift in Sources */ = {isa = PBXBuildFile; fileRef = 9FF17A7B2B3F426900D20640 /* Api call.swift */; };
		9FF17A7E2B3F749900D20640 /* ContentViewModel.swift in Sources */ = {isa = PBXBuildFile; fileRef = 9FF17A7D2B3F749900D20640 /* ContentViewModel.swift */; };
		9FF17A802B3F799F00D20640 /* MovieCatalog app.swift in Sources */ = {isa = PBXBuildFile; fileRef = 9FF17A7F2B3F799F00D20640 /* MovieCatalog app.swift */; };
		9FF17A822B3F7B9700D20640 /* UsersViewModel.swift in Sources */ = {isa = PBXBuildFile; fileRef = 9FF17A812B3F7B9700D20640 /* UsersViewModel.swift */; };
		9FF17A852B3F7C0900D20640 /* UserModel.swift in Sources */ = {isa = PBXBuildFile; fileRef = 9FF17A842B3F7C0900D20640 /* UserModel.swift */; };
		9FF17A872B3F803000D20640 /* UserView.swift in Sources */ = {isa = PBXBuildFile; fileRef = 9FF17A862B3F803000D20640 /* UserView.swift */; };
/* End PBXBuildFile section */

/* Begin PBXContainerItemProxy section */
		9FF17A5F2B3F14C700D20640 /* PBXContainerItemProxy */ = {
			isa = PBXContainerItemProxy;
			containerPortal = 9FF17A452B3F14C600D20640 /* Project object */;
			proxyType = 1;
			remoteGlobalIDString = 9FF17A4C2B3F14C600D20640;
			remoteInfo = "MovieCatalog app";
		};
		9FF17A692B3F14C800D20640 /* PBXContainerItemProxy */ = {
			isa = PBXContainerItemProxy;
			containerPortal = 9FF17A452B3F14C600D20640 /* Project object */;
			proxyType = 1;
			remoteGlobalIDString = 9FF17A4C2B3F14C600D20640;
			remoteInfo = "MovieCatalog app";
		};
/* End PBXContainerItemProxy section */

/* Begin PBXFileReference section */
		9F1F1E732B4750FD00267928 /* Config.yml */ = {isa = PBXFileReference; lastKnownFileType = text.yaml; path = Config.yml; sourceTree = "<group>"; };
		9F1F1E752B47522E00267928 /* ConfigurationManager.swift */ = {isa = PBXFileReference; lastKnownFileType = sourcecode.swift; path = ConfigurationManager.swift; sourceTree = "<group>"; };
		9F4BC6F52B45B23D004792B7 /* Networking Manager.swift */ = {isa = PBXFileReference; lastKnownFileType = sourcecode.swift; path = "Networking Manager.swift"; sourceTree = "<group>"; };
		9F4D7F6A2B4741040088C371 /* TopRatedModel.swift */ = {isa = PBXFileReference; lastKnownFileType = sourcecode.swift; path = TopRatedModel.swift; sourceTree = "<group>"; };
		9F4D7F6C2B4741810088C371 /* TMDbServiceViewModel.swift */ = {isa = PBXFileReference; lastKnownFileType = sourcecode.swift; path = TMDbServiceViewModel.swift; sourceTree = "<group>"; };
		9F4D7F6E2B4744F70088C371 /* TopRatedShowsView.swift */ = {isa = PBXFileReference; lastKnownFileType = sourcecode.swift; path = TopRatedShowsView.swift; sourceTree = "<group>"; };
		9FF17A4D2B3F14C600D20640 /* MovieCatalog app.app */ = {isa = PBXFileReference; explicitFileType = wrapper.application; includeInIndex = 0; path = "MovieCatalog app.app"; sourceTree = BUILT_PRODUCTS_DIR; };
		9FF17A502B3F14C600D20640 /* MovieCatalog_appApp.swift */ = {isa = PBXFileReference; lastKnownFileType = sourcecode.swift; path = MovieCatalog_appApp.swift; sourceTree = "<group>"; };
		9FF17A522B3F14C600D20640 /* ContentView.swift */ = {isa = PBXFileReference; lastKnownFileType = sourcecode.swift; path = ContentView.swift; sourceTree = "<group>"; };
		9FF17A542B3F14C700D20640 /* Assets.xcassets */ = {isa = PBXFileReference; lastKnownFileType = folder.assetcatalog; path = Assets.xcassets; sourceTree = "<group>"; };
		9FF17A562B3F14C700D20640 /* MovieCatalog_app.entitlements */ = {isa = PBXFileReference; lastKnownFileType = text.plist.entitlements; path = MovieCatalog_app.entitlements; sourceTree = "<group>"; };
		9FF17A582B3F14C700D20640 /* Preview Assets.xcassets */ = {isa = PBXFileReference; lastKnownFileType = folder.assetcatalog; path = "Preview Assets.xcassets"; sourceTree = "<group>"; };
		9FF17A5E2B3F14C700D20640 /* MovieCatalog appTests.xctest */ = {isa = PBXFileReference; explicitFileType = wrapper.cfbundle; includeInIndex = 0; path = "MovieCatalog appTests.xctest"; sourceTree = BUILT_PRODUCTS_DIR; };
		9FF17A622B3F14C700D20640 /* MovieCatalog_appTests.swift */ = {isa = PBXFileReference; lastKnownFileType = sourcecode.swift; path = MovieCatalog_appTests.swift; sourceTree = "<group>"; };
		9FF17A682B3F14C800D20640 /* MovieCatalog appUITests.xctest */ = {isa = PBXFileReference; explicitFileType = wrapper.cfbundle; includeInIndex = 0; path = "MovieCatalog appUITests.xctest"; sourceTree = BUILT_PRODUCTS_DIR; };
		9FF17A6C2B3F14C800D20640 /* MovieCatalog_appUITests.swift */ = {isa = PBXFileReference; lastKnownFileType = sourcecode.swift; path = MovieCatalog_appUITests.swift; sourceTree = "<group>"; };
		9FF17A6E2B3F14C800D20640 /* MovieCatalog_appUITestsLaunchTests.swift */ = {isa = PBXFileReference; lastKnownFileType = sourcecode.swift; path = MovieCatalog_appUITestsLaunchTests.swift; sourceTree = "<group>"; };
		9FF17A7B2B3F426900D20640 /* Api call.swift */ = {isa = PBXFileReference; lastKnownFileType = sourcecode.swift; path = "Api call.swift"; sourceTree = "<group>"; };
		9FF17A7D2B3F749900D20640 /* ContentViewModel.swift */ = {isa = PBXFileReference; lastKnownFileType = sourcecode.swift; path = ContentViewModel.swift; sourceTree = "<group>"; };
		9FF17A7F2B3F799F00D20640 /* MovieCatalog app.swift */ = {isa = PBXFileReference; lastKnownFileType = sourcecode.swift; path = "MovieCatalog app.swift"; sourceTree = "<group>"; };
		9FF17A812B3F7B9700D20640 /* UsersViewModel.swift */ = {isa = PBXFileReference; lastKnownFileType = sourcecode.swift; path = UsersViewModel.swift; sourceTree = "<group>"; };
		9FF17A842B3F7C0900D20640 /* UserModel.swift */ = {isa = PBXFileReference; lastKnownFileType = sourcecode.swift; path = UserModel.swift; sourceTree = "<group>"; };
		9FF17A862B3F803000D20640 /* UserView.swift */ = {isa = PBXFileReference; lastKnownFileType = sourcecode.swift; path = UserView.swift; sourceTree = "<group>"; };
/* End PBXFileReference section */

/* Begin PBXFrameworksBuildPhase section */
		9FF17A4A2B3F14C600D20640 /* Frameworks */ = {
			isa = PBXFrameworksBuildPhase;
			buildActionMask = 2147483647;
			files = (
				9F1F1E792B47533800267928 /* Yams in Frameworks */,
			);
			runOnlyForDeploymentPostprocessing = 0;
		};
		9FF17A5B2B3F14C700D20640 /* Frameworks */ = {
			isa = PBXFrameworksBuildPhase;
			buildActionMask = 2147483647;
			files = (
			);
			runOnlyForDeploymentPostprocessing = 0;
		};
		9FF17A652B3F14C800D20640 /* Frameworks */ = {
			isa = PBXFrameworksBuildPhase;
			buildActionMask = 2147483647;
			files = (
			);
			runOnlyForDeploymentPostprocessing = 0;
		};
/* End PBXFrameworksBuildPhase section */

/* Begin PBXGroup section */
		9F4BC6F42B45B227004792B7 /* Api Manager */ = {
			isa = PBXGroup;
			children = (
				9F4BC6F52B45B23D004792B7 /* Networking Manager.swift */,
				9F4D7F6A2B4741040088C371 /* TopRatedModel.swift */,
				9F4D7F6C2B4741810088C371 /* TMDbServiceViewModel.swift */,
			);
			path = "Api Manager";
			sourceTree = "<group>";
		};
		9F4D7F702B47450C0088C371 /* The Movie Database Views */ = {
			isa = PBXGroup;
			children = (
				9F4D7F6E2B4744F70088C371 /* TopRatedShowsView.swift */,
			);
			path = "The Movie Database Views";
			sourceTree = "<group>";
		};
		9FF17A442B3F14C600D20640 = {
			isa = PBXGroup;
			children = (
				9F1F1E732B4750FD00267928 /* Config.yml */,
				9FF17A4F2B3F14C600D20640 /* MovieCatalog app */,
				9FF17A612B3F14C700D20640 /* MovieCatalog appTests */,
				9FF17A6B2B3F14C800D20640 /* MovieCatalog appUITests */,
				9FF17A4E2B3F14C600D20640 /* Products */,
			);
			sourceTree = "<group>";
		};
		9FF17A4E2B3F14C600D20640 /* Products */ = {
			isa = PBXGroup;
			children = (
				9FF17A4D2B3F14C600D20640 /* MovieCatalog app.app */,
				9FF17A5E2B3F14C700D20640 /* MovieCatalog appTests.xctest */,
				9FF17A682B3F14C800D20640 /* MovieCatalog appUITests.xctest */,
			);
			name = Products;
			sourceTree = "<group>";
		};
		9FF17A4F2B3F14C600D20640 /* MovieCatalog app */ = {
			isa = PBXGroup;
			children = (
				9F1F1E752B47522E00267928 /* ConfigurationManager.swift */,
				9F4D7F702B47450C0088C371 /* The Movie Database Views */,
				9F4BC6F42B45B227004792B7 /* Api Manager */,
				9FF17A832B3F7BA300D20640 /* AApi video */,
				9FF17A502B3F14C600D20640 /* MovieCatalog_appApp.swift */,
				9FF17A522B3F14C600D20640 /* ContentView.swift */,
				9FF17A7B2B3F426900D20640 /* Api call.swift */,
				9FF17A7D2B3F749900D20640 /* ContentViewModel.swift */,
				9FF17A542B3F14C700D20640 /* Assets.xcassets */,
				9FF17A562B3F14C700D20640 /* MovieCatalog_app.entitlements */,
				9FF17A7F2B3F799F00D20640 /* MovieCatalog app.swift */,
				9FF17A572B3F14C700D20640 /* Preview Content */,
			);
			path = "MovieCatalog app";
			sourceTree = "<group>";
		};
		9FF17A572B3F14C700D20640 /* Preview Content */ = {
			isa = PBXGroup;
			children = (
				9FF17A582B3F14C700D20640 /* Preview Assets.xcassets */,
			);
			path = "Preview Content";
			sourceTree = "<group>";
		};
		9FF17A612B3F14C700D20640 /* MovieCatalog appTests */ = {
			isa = PBXGroup;
			children = (
				9FF17A622B3F14C700D20640 /* MovieCatalog_appTests.swift */,
			);
			path = "MovieCatalog appTests";
			sourceTree = "<group>";
		};
		9FF17A6B2B3F14C800D20640 /* MovieCatalog appUITests */ = {
			isa = PBXGroup;
			children = (
				9FF17A6C2B3F14C800D20640 /* MovieCatalog_appUITests.swift */,
				9FF17A6E2B3F14C800D20640 /* MovieCatalog_appUITestsLaunchTests.swift */,
			);
			path = "MovieCatalog appUITests";
			sourceTree = "<group>";
		};
		9FF17A832B3F7BA300D20640 /* AApi video */ = {
			isa = PBXGroup;
			children = (
				9FF17A812B3F7B9700D20640 /* UsersViewModel.swift */,
				9FF17A842B3F7C0900D20640 /* UserModel.swift */,
				9FF17A862B3F803000D20640 /* UserView.swift */,
			);
			path = "AApi video";
			sourceTree = "<group>";
		};
/* End PBXGroup section */

/* Begin PBXNativeTarget section */
		9FF17A4C2B3F14C600D20640 /* MovieCatalog app */ = {
			isa = PBXNativeTarget;
			buildConfigurationList = 9FF17A722B3F14C800D20640 /* Build configuration list for PBXNativeTarget "MovieCatalog app" */;
			buildPhases = (
				9FF17A492B3F14C600D20640 /* Sources */,
				9FF17A4A2B3F14C600D20640 /* Frameworks */,
				9FF17A4B2B3F14C600D20640 /* Resources */,
			);
			buildRules = (
			);
			dependencies = (
			);
			name = "MovieCatalog app";
			packageProductDependencies = (
				9F1F1E782B47533800267928 /* Yams */,
			);
			productName = "MovieCatalog app";
			productReference = 9FF17A4D2B3F14C600D20640 /* MovieCatalog app.app */;
			productType = "com.apple.product-type.application";
		};
		9FF17A5D2B3F14C700D20640 /* MovieCatalog appTests */ = {
			isa = PBXNativeTarget;
			buildConfigurationList = 9FF17A752B3F14C800D20640 /* Build configuration list for PBXNativeTarget "MovieCatalog appTests" */;
			buildPhases = (
				9FF17A5A2B3F14C700D20640 /* Sources */,
				9FF17A5B2B3F14C700D20640 /* Frameworks */,
				9FF17A5C2B3F14C700D20640 /* Resources */,
			);
			buildRules = (
			);
			dependencies = (
				9FF17A602B3F14C700D20640 /* PBXTargetDependency */,
			);
			name = "MovieCatalog appTests";
			productName = "MovieCatalog appTests";
			productReference = 9FF17A5E2B3F14C700D20640 /* MovieCatalog appTests.xctest */;
			productType = "com.apple.product-type.bundle.unit-test";
		};
		9FF17A672B3F14C800D20640 /* MovieCatalog appUITests */ = {
			isa = PBXNativeTarget;
			buildConfigurationList = 9FF17A782B3F14C800D20640 /* Build configuration list for PBXNativeTarget "MovieCatalog appUITests" */;
			buildPhases = (
				9FF17A642B3F14C800D20640 /* Sources */,
				9FF17A652B3F14C800D20640 /* Frameworks */,
				9FF17A662B3F14C800D20640 /* Resources */,
			);
			buildRules = (
			);
			dependencies = (
				9FF17A6A2B3F14C800D20640 /* PBXTargetDependency */,
			);
			name = "MovieCatalog appUITests";
			productName = "MovieCatalog appUITests";
			productReference = 9FF17A682B3F14C800D20640 /* MovieCatalog appUITests.xctest */;
			productType = "com.apple.product-type.bundle.ui-testing";
		};
/* End PBXNativeTarget section */

/* Begin PBXProject section */
		9FF17A452B3F14C600D20640 /* Project object */ = {
			isa = PBXProject;
			attributes = {
				BuildIndependentTargetsInParallel = 1;
				LastSwiftUpdateCheck = 1500;
				LastUpgradeCheck = 1500;
				TargetAttributes = {
					9FF17A4C2B3F14C600D20640 = {
						CreatedOnToolsVersion = 15.0.1;
					};
					9FF17A5D2B3F14C700D20640 = {
						CreatedOnToolsVersion = 15.0.1;
						TestTargetID = 9FF17A4C2B3F14C600D20640;
					};
					9FF17A672B3F14C800D20640 = {
						CreatedOnToolsVersion = 15.0.1;
						TestTargetID = 9FF17A4C2B3F14C600D20640;
					};
				};
			};
			buildConfigurationList = 9FF17A482B3F14C600D20640 /* Build configuration list for PBXProject "MovieCatalog app" */;
			compatibilityVersion = "Xcode 14.0";
			developmentRegion = en;
			hasScannedForEncodings = 0;
			knownRegions = (
				en,
				Base,
			);
			mainGroup = 9FF17A442B3F14C600D20640;
			packageReferences = (
				9F1F1E772B47533800267928 /* XCRemoteSwiftPackageReference "Yams" */,
			);
			productRefGroup = 9FF17A4E2B3F14C600D20640 /* Products */;
			projectDirPath = "";
			projectRoot = "";
			targets = (
				9FF17A4C2B3F14C600D20640 /* MovieCatalog app */,
				9FF17A5D2B3F14C700D20640 /* MovieCatalog appTests */,
				9FF17A672B3F14C800D20640 /* MovieCatalog appUITests */,
			);
		};
/* End PBXProject section */

/* Begin PBXResourcesBuildPhase section */
		9FF17A4B2B3F14C600D20640 /* Resources */ = {
			isa = PBXResourcesBuildPhase;
			buildActionMask = 2147483647;
			files = (
				9F1F1E742B4750FD00267928 /* Config.yml in Resources */,
				9FF17A592B3F14C700D20640 /* Preview Assets.xcassets in Resources */,
				9FF17A552B3F14C700D20640 /* Assets.xcassets in Resources */,
			);
			runOnlyForDeploymentPostprocessing = 0;
		};
		9FF17A5C2B3F14C700D20640 /* Resources */ = {
			isa = PBXResourcesBuildPhase;
			buildActionMask = 2147483647;
			files = (
			);
			runOnlyForDeploymentPostprocessing = 0;
		};
		9FF17A662B3F14C800D20640 /* Resources */ = {
			isa = PBXResourcesBuildPhase;
			buildActionMask = 2147483647;
			files = (
			);
			runOnlyForDeploymentPostprocessing = 0;
		};
/* End PBXResourcesBuildPhase section */

/* Begin PBXSourcesBuildPhase section */
		9FF17A492B3F14C600D20640 /* Sources */ = {
			isa = PBXSourcesBuildPhase;
			buildActionMask = 2147483647;
			files = (
				9F4D7F6D2B4741810088C371 /* TMDbServiceViewModel.swift in Sources */,
				9F4D7F6B2B4741040088C371 /* TopRatedModel.swift in Sources */,
				9FF17A7E2B3F749900D20640 /* ContentViewModel.swift in Sources */,
				9FF17A852B3F7C0900D20640 /* UserModel.swift in Sources */,
				9F4BC6F62B45B23D004792B7 /* Networking Manager.swift in Sources */,
				9FF17A822B3F7B9700D20640 /* UsersViewModel.swift in Sources */,
				9FF17A872B3F803000D20640 /* UserView.swift in Sources */,
				9FF17A532B3F14C600D20640 /* ContentView.swift in Sources */,
				9F1F1E762B47522E00267928 /* ConfigurationManager.swift in Sources */,
				9F4D7F6F2B4744F70088C371 /* TopRatedShowsView.swift in Sources */,
				9FF17A802B3F799F00D20640 /* MovieCatalog app.swift in Sources */,
				9FF17A512B3F14C600D20640 /* MovieCatalog_appApp.swift in Sources */,
				9FF17A7C2B3F426900D20640 /* Api call.swift in Sources */,
			);
			runOnlyForDeploymentPostprocessing = 0;
		};
		9FF17A5A2B3F14C700D20640 /* Sources */ = {
			isa = PBXSourcesBuildPhase;
			buildActionMask = 2147483647;
			files = (
				9FF17A632B3F14C700D20640 /* MovieCatalog_appTests.swift in Sources */,
			);
			runOnlyForDeploymentPostprocessing = 0;
		};
		9FF17A642B3F14C800D20640 /* Sources */ = {
			isa = PBXSourcesBuildPhase;
			buildActionMask = 2147483647;
			files = (
				9FF17A6D2B3F14C800D20640 /* MovieCatalog_appUITests.swift in Sources */,
				9FF17A6F2B3F14C800D20640 /* MovieCatalog_appUITestsLaunchTests.swift in Sources */,
			);
			runOnlyForDeploymentPostprocessing = 0;
		};
/* End PBXSourcesBuildPhase section */

/* Begin PBXTargetDependency section */
		9FF17A602B3F14C700D20640 /* PBXTargetDependency */ = {
			isa = PBXTargetDependency;
			target = 9FF17A4C2B3F14C600D20640 /* MovieCatalog app */;
			targetProxy = 9FF17A5F2B3F14C700D20640 /* PBXContainerItemProxy */;
		};
		9FF17A6A2B3F14C800D20640 /* PBXTargetDependency */ = {
			isa = PBXTargetDependency;
			target = 9FF17A4C2B3F14C600D20640 /* MovieCatalog app */;
			targetProxy = 9FF17A692B3F14C800D20640 /* PBXContainerItemProxy */;
		};
/* End PBXTargetDependency section */

/* Begin XCBuildConfiguration section */
		9FF17A702B3F14C800D20640 /* Debug */ = {
			isa = XCBuildConfiguration;
			buildSettings = {
				ALWAYS_SEARCH_USER_PATHS = NO;
				ASSETCATALOG_COMPILER_GENERATE_SWIFT_ASSET_SYMBOL_EXTENSIONS = YES;
				CLANG_ANALYZER_NONNULL = YES;
				CLANG_ANALYZER_NUMBER_OBJECT_CONVERSION = YES_AGGRESSIVE;
				CLANG_CXX_LANGUAGE_STANDARD = "gnu++20";
				CLANG_ENABLE_MODULES = YES;
				CLANG_ENABLE_OBJC_ARC = YES;
				CLANG_ENABLE_OBJC_WEAK = YES;
				CLANG_WARN_BLOCK_CAPTURE_AUTORELEASING = YES;
				CLANG_WARN_BOOL_CONVERSION = YES;
				CLANG_WARN_COMMA = YES;
				CLANG_WARN_CONSTANT_CONVERSION = YES;
				CLANG_WARN_DEPRECATED_OBJC_IMPLEMENTATIONS = YES;
				CLANG_WARN_DIRECT_OBJC_ISA_USAGE = YES_ERROR;
				CLANG_WARN_DOCUMENTATION_COMMENTS = YES;
				CLANG_WARN_EMPTY_BODY = YES;
				CLANG_WARN_ENUM_CONVERSION = YES;
				CLANG_WARN_INFINITE_RECURSION = YES;
				CLANG_WARN_INT_CONVERSION = YES;
				CLANG_WARN_NON_LITERAL_NULL_CONVERSION = YES;
				CLANG_WARN_OBJC_IMPLICIT_RETAIN_SELF = YES;
				CLANG_WARN_OBJC_LITERAL_CONVERSION = YES;
				CLANG_WARN_OBJC_ROOT_CLASS = YES_ERROR;
				CLANG_WARN_QUOTED_INCLUDE_IN_FRAMEWORK_HEADER = YES;
				CLANG_WARN_RANGE_LOOP_ANALYSIS = YES;
				CLANG_WARN_STRICT_PROTOTYPES = YES;
				CLANG_WARN_SUSPICIOUS_MOVE = YES;
				CLANG_WARN_UNGUARDED_AVAILABILITY = YES_AGGRESSIVE;
				CLANG_WARN_UNREACHABLE_CODE = YES;
				CLANG_WARN__DUPLICATE_METHOD_MATCH = YES;
				COPY_PHASE_STRIP = NO;
				DEBUG_INFORMATION_FORMAT = dwarf;
				ENABLE_STRICT_OBJC_MSGSEND = YES;
				ENABLE_TESTABILITY = YES;
				ENABLE_USER_SCRIPT_SANDBOXING = YES;
				GCC_C_LANGUAGE_STANDARD = gnu17;
				GCC_DYNAMIC_NO_PIC = NO;
				GCC_NO_COMMON_BLOCKS = YES;
				GCC_OPTIMIZATION_LEVEL = 0;
				GCC_PREPROCESSOR_DEFINITIONS = (
					"DEBUG=1",
					"$(inherited)",
				);
				GCC_WARN_64_TO_32_BIT_CONVERSION = YES;
				GCC_WARN_ABOUT_RETURN_TYPE = YES_ERROR;
				GCC_WARN_UNDECLARED_SELECTOR = YES;
				GCC_WARN_UNINITIALIZED_AUTOS = YES_AGGRESSIVE;
				GCC_WARN_UNUSED_FUNCTION = YES;
				GCC_WARN_UNUSED_VARIABLE = YES;
				LOCALIZATION_PREFERS_STRING_CATALOGS = YES;
				MTL_ENABLE_DEBUG_INFO = INCLUDE_SOURCE;
				MTL_FAST_MATH = YES;
				ONLY_ACTIVE_ARCH = YES;
				SWIFT_ACTIVE_COMPILATION_CONDITIONS = "DEBUG $(inherited)";
				SWIFT_OPTIMIZATION_LEVEL = "-Onone";
			};
			name = Debug;
		};
		9FF17A712B3F14C800D20640 /* Release */ = {
			isa = XCBuildConfiguration;
			buildSettings = {
				ALWAYS_SEARCH_USER_PATHS = NO;
				ASSETCATALOG_COMPILER_GENERATE_SWIFT_ASSET_SYMBOL_EXTENSIONS = YES;
				CLANG_ANALYZER_NONNULL = YES;
				CLANG_ANALYZER_NUMBER_OBJECT_CONVERSION = YES_AGGRESSIVE;
				CLANG_CXX_LANGUAGE_STANDARD = "gnu++20";
				CLANG_ENABLE_MODULES = YES;
				CLANG_ENABLE_OBJC_ARC = YES;
				CLANG_ENABLE_OBJC_WEAK = YES;
				CLANG_WARN_BLOCK_CAPTURE_AUTORELEASING = YES;
				CLANG_WARN_BOOL_CONVERSION = YES;
				CLANG_WARN_COMMA = YES;
				CLANG_WARN_CONSTANT_CONVERSION = YES;
				CLANG_WARN_DEPRECATED_OBJC_IMPLEMENTATIONS = YES;
				CLANG_WARN_DIRECT_OBJC_ISA_USAGE = YES_ERROR;
				CLANG_WARN_DOCUMENTATION_COMMENTS = YES;
				CLANG_WARN_EMPTY_BODY = YES;
				CLANG_WARN_ENUM_CONVERSION = YES;
				CLANG_WARN_INFINITE_RECURSION = YES;
				CLANG_WARN_INT_CONVERSION = YES;
				CLANG_WARN_NON_LITERAL_NULL_CONVERSION = YES;
				CLANG_WARN_OBJC_IMPLICIT_RETAIN_SELF = YES;
				CLANG_WARN_OBJC_LITERAL_CONVERSION = YES;
				CLANG_WARN_OBJC_ROOT_CLASS = YES_ERROR;
				CLANG_WARN_QUOTED_INCLUDE_IN_FRAMEWORK_HEADER = YES;
				CLANG_WARN_RANGE_LOOP_ANALYSIS = YES;
				CLANG_WARN_STRICT_PROTOTYPES = YES;
				CLANG_WARN_SUSPICIOUS_MOVE = YES;
				CLANG_WARN_UNGUARDED_AVAILABILITY = YES_AGGRESSIVE;
				CLANG_WARN_UNREACHABLE_CODE = YES;
				CLANG_WARN__DUPLICATE_METHOD_MATCH = YES;
				COPY_PHASE_STRIP = NO;
				DEBUG_INFORMATION_FORMAT = "dwarf-with-dsym";
				ENABLE_NS_ASSERTIONS = NO;
				ENABLE_STRICT_OBJC_MSGSEND = YES;
				ENABLE_USER_SCRIPT_SANDBOXING = YES;
				GCC_C_LANGUAGE_STANDARD = gnu17;
				GCC_NO_COMMON_BLOCKS = YES;
				GCC_WARN_64_TO_32_BIT_CONVERSION = YES;
				GCC_WARN_ABOUT_RETURN_TYPE = YES_ERROR;
				GCC_WARN_UNDECLARED_SELECTOR = YES;
				GCC_WARN_UNINITIALIZED_AUTOS = YES_AGGRESSIVE;
				GCC_WARN_UNUSED_FUNCTION = YES;
				GCC_WARN_UNUSED_VARIABLE = YES;
				LOCALIZATION_PREFERS_STRING_CATALOGS = YES;
				MTL_ENABLE_DEBUG_INFO = NO;
				MTL_FAST_MATH = YES;
				SWIFT_COMPILATION_MODE = wholemodule;
			};
			name = Release;
		};
		9FF17A732B3F14C800D20640 /* Debug */ = {
			isa = XCBuildConfiguration;
			buildSettings = {
				ASSETCATALOG_COMPILER_APPICON_NAME = AppIcon;
				ASSETCATALOG_COMPILER_GLOBAL_ACCENT_COLOR_NAME = AccentColor;
				CODE_SIGN_ENTITLEMENTS = "MovieCatalog app/MovieCatalog_app.entitlements";
				CODE_SIGN_STYLE = Automatic;
				CURRENT_PROJECT_VERSION = 1;
				DEVELOPMENT_ASSET_PATHS = "\"MovieCatalog app/Preview Content\"";
				ENABLE_PREVIEWS = YES;
				GENERATE_INFOPLIST_FILE = YES;
				"INFOPLIST_KEY_UIApplicationSceneManifest_Generation[sdk=iphoneos*]" = YES;
				"INFOPLIST_KEY_UIApplicationSceneManifest_Generation[sdk=iphonesimulator*]" = YES;
				"INFOPLIST_KEY_UIApplicationSupportsIndirectInputEvents[sdk=iphoneos*]" = YES;
				"INFOPLIST_KEY_UIApplicationSupportsIndirectInputEvents[sdk=iphonesimulator*]" = YES;
				"INFOPLIST_KEY_UILaunchScreen_Generation[sdk=iphoneos*]" = YES;
				"INFOPLIST_KEY_UILaunchScreen_Generation[sdk=iphonesimulator*]" = YES;
				"INFOPLIST_KEY_UIStatusBarStyle[sdk=iphoneos*]" = UIStatusBarStyleDefault;
				"INFOPLIST_KEY_UIStatusBarStyle[sdk=iphonesimulator*]" = UIStatusBarStyleDefault;
				INFOPLIST_KEY_UISupportedInterfaceOrientations_iPad = "UIInterfaceOrientationPortrait UIInterfaceOrientationPortraitUpsideDown UIInterfaceOrientationLandscapeLeft UIInterfaceOrientationLandscapeRight";
				INFOPLIST_KEY_UISupportedInterfaceOrientations_iPhone = "UIInterfaceOrientationPortrait UIInterfaceOrientationLandscapeLeft UIInterfaceOrientationLandscapeRight";
				IPHONEOS_DEPLOYMENT_TARGET = 17.0;
				LD_RUNPATH_SEARCH_PATHS = "@executable_path/Frameworks";
				"LD_RUNPATH_SEARCH_PATHS[sdk=macosx*]" = "@executable_path/../Frameworks";
				MACOSX_DEPLOYMENT_TARGET = 14.0;
				MARKETING_VERSION = 1.0;
				PRODUCT_BUNDLE_IDENTIFIER = "wow.MovieCatalog-app";
				PRODUCT_NAME = "$(TARGET_NAME)";
				SDKROOT = auto;
				SUPPORTED_PLATFORMS = "iphoneos iphonesimulator macosx";
				SWIFT_EMIT_LOC_STRINGS = YES;
				SWIFT_VERSION = 5.0;
				TARGETED_DEVICE_FAMILY = "1,2";
			};
			name = Debug;
		};
		9FF17A742B3F14C800D20640 /* Release */ = {
			isa = XCBuildConfiguration;
			buildSettings = {
				ASSETCATALOG_COMPILER_APPICON_NAME = AppIcon;
				ASSETCATALOG_COMPILER_GLOBAL_ACCENT_COLOR_NAME = AccentColor;
				CODE_SIGN_ENTITLEMENTS = "MovieCatalog app/MovieCatalog_app.entitlements";
				CODE_SIGN_STYLE = Automatic;
				CURRENT_PROJECT_VERSION = 1;
				DEVELOPMENT_ASSET_PATHS = "\"MovieCatalog app/Preview Content\"";
				ENABLE_PREVIEWS = YES;
				GENERATE_INFOPLIST_FILE = YES;
				"INFOPLIST_KEY_UIApplicationSceneManifest_Generation[sdk=iphoneos*]" = YES;
				"INFOPLIST_KEY_UIApplicationSceneManifest_Generation[sdk=iphonesimulator*]" = YES;
				"INFOPLIST_KEY_UIApplicationSupportsIndirectInputEvents[sdk=iphoneos*]" = YES;
				"INFOPLIST_KEY_UIApplicationSupportsIndirectInputEvents[sdk=iphonesimulator*]" = YES;
				"INFOPLIST_KEY_UILaunchScreen_Generation[sdk=iphoneos*]" = YES;
				"INFOPLIST_KEY_UILaunchScreen_Generation[sdk=iphonesimulator*]" = YES;
				"INFOPLIST_KEY_UIStatusBarStyle[sdk=iphoneos*]" = UIStatusBarStyleDefault;
				"INFOPLIST_KEY_UIStatusBarStyle[sdk=iphonesimulator*]" = UIStatusBarStyleDefault;
				INFOPLIST_KEY_UISupportedInterfaceOrientations_iPad = "UIInterfaceOrientationPortrait UIInterfaceOrientationPortraitUpsideDown UIInterfaceOrientationLandscapeLeft UIInterfaceOrientationLandscapeRight";
				INFOPLIST_KEY_UISupportedInterfaceOrientations_iPhone = "UIInterfaceOrientationPortrait UIInterfaceOrientationLandscapeLeft UIInterfaceOrientationLandscapeRight";
				IPHONEOS_DEPLOYMENT_TARGET = 17.0;
				LD_RUNPATH_SEARCH_PATHS = "@executable_path/Frameworks";
				"LD_RUNPATH_SEARCH_PATHS[sdk=macosx*]" = "@executable_path/../Frameworks";
				MACOSX_DEPLOYMENT_TARGET = 14.0;
				MARKETING_VERSION = 1.0;
				PRODUCT_BUNDLE_IDENTIFIER = "wow.MovieCatalog-app";
				PRODUCT_NAME = "$(TARGET_NAME)";
				SDKROOT = auto;
				SUPPORTED_PLATFORMS = "iphoneos iphonesimulator macosx";
				SWIFT_EMIT_LOC_STRINGS = YES;
				SWIFT_VERSION = 5.0;
				TARGETED_DEVICE_FAMILY = "1,2";
			};
			name = Release;
		};
		9FF17A762B3F14C800D20640 /* Debug */ = {
			isa = XCBuildConfiguration;
			buildSettings = {
				ALWAYS_EMBED_SWIFT_STANDARD_LIBRARIES = YES;
				BUNDLE_LOADER = "$(TEST_HOST)";
				CODE_SIGN_STYLE = Automatic;
				CURRENT_PROJECT_VERSION = 1;
				GENERATE_INFOPLIST_FILE = YES;
				IPHONEOS_DEPLOYMENT_TARGET = 17.0;
				MACOSX_DEPLOYMENT_TARGET = 14.0;
				MARKETING_VERSION = 1.0;
				PRODUCT_BUNDLE_IDENTIFIER = "wow.MovieCatalog-appTests";
				PRODUCT_NAME = "$(TARGET_NAME)";
				SDKROOT = auto;
				SUPPORTED_PLATFORMS = "iphoneos iphonesimulator macosx";
				SWIFT_EMIT_LOC_STRINGS = NO;
				SWIFT_VERSION = 5.0;
				TARGETED_DEVICE_FAMILY = "1,2";
				TEST_HOST = "$(BUILT_PRODUCTS_DIR)/MovieCatalog app.app/$(BUNDLE_EXECUTABLE_FOLDER_PATH)/MovieCatalog app";
			};
			name = Debug;
		};
		9FF17A772B3F14C800D20640 /* Release */ = {
			isa = XCBuildConfiguration;
			buildSettings = {
				ALWAYS_EMBED_SWIFT_STANDARD_LIBRARIES = YES;
				BUNDLE_LOADER = "$(TEST_HOST)";
				CODE_SIGN_STYLE = Automatic;
				CURRENT_PROJECT_VERSION = 1;
				GENERATE_INFOPLIST_FILE = YES;
				IPHONEOS_DEPLOYMENT_TARGET = 17.0;
				MACOSX_DEPLOYMENT_TARGET = 14.0;
				MARKETING_VERSION = 1.0;
				PRODUCT_BUNDLE_IDENTIFIER = "wow.MovieCatalog-appTests";
				PRODUCT_NAME = "$(TARGET_NAME)";
				SDKROOT = auto;
				SUPPORTED_PLATFORMS = "iphoneos iphonesimulator macosx";
				SWIFT_EMIT_LOC_STRINGS = NO;
				SWIFT_VERSION = 5.0;
				TARGETED_DEVICE_FAMILY = "1,2";
				TEST_HOST = "$(BUILT_PRODUCTS_DIR)/MovieCatalog app.app/$(BUNDLE_EXECUTABLE_FOLDER_PATH)/MovieCatalog app";
			};
			name = Release;
		};
		9FF17A792B3F14C800D20640 /* Debug */ = {
			isa = XCBuildConfiguration;
			buildSettings = {
				ALWAYS_EMBED_SWIFT_STANDARD_LIBRARIES = YES;
				CODE_SIGN_STYLE = Automatic;
				CURRENT_PROJECT_VERSION = 1;
				GENERATE_INFOPLIST_FILE = YES;
				IPHONEOS_DEPLOYMENT_TARGET = 17.0;
				MACOSX_DEPLOYMENT_TARGET = 14.0;
				MARKETING_VERSION = 1.0;
				PRODUCT_BUNDLE_IDENTIFIER = "wow.MovieCatalog-appUITests";
				PRODUCT_NAME = "$(TARGET_NAME)";
				SDKROOT = auto;
				SUPPORTED_PLATFORMS = "iphoneos iphonesimulator macosx";
				SWIFT_EMIT_LOC_STRINGS = NO;
				SWIFT_VERSION = 5.0;
				TARGETED_DEVICE_FAMILY = "1,2";
				TEST_TARGET_NAME = "MovieCatalog app";
			};
			name = Debug;
		};
		9FF17A7A2B3F14C800D20640 /* Release */ = {
			isa = XCBuildConfiguration;
			buildSettings = {
				ALWAYS_EMBED_SWIFT_STANDARD_LIBRARIES = YES;
				CODE_SIGN_STYLE = Automatic;
				CURRENT_PROJECT_VERSION = 1;
				GENERATE_INFOPLIST_FILE = YES;
				IPHONEOS_DEPLOYMENT_TARGET = 17.0;
				MACOSX_DEPLOYMENT_TARGET = 14.0;
				MARKETING_VERSION = 1.0;
				PRODUCT_BUNDLE_IDENTIFIER = "wow.MovieCatalog-appUITests";
				PRODUCT_NAME = "$(TARGET_NAME)";
				SDKROOT = auto;
				SUPPORTED_PLATFORMS = "iphoneos iphonesimulator macosx";
				SWIFT_EMIT_LOC_STRINGS = NO;
				SWIFT_VERSION = 5.0;
				TARGETED_DEVICE_FAMILY = "1,2";
				TEST_TARGET_NAME = "MovieCatalog app";
			};
			name = Release;
		};
/* End XCBuildConfiguration section */

/* Begin XCConfigurationList section */
		9FF17A482B3F14C600D20640 /* Build configuration list for PBXProject "MovieCatalog app" */ = {
			isa = XCConfigurationList;
			buildConfigurations = (
				9FF17A702B3F14C800D20640 /* Debug */,
				9FF17A712B3F14C800D20640 /* Release */,
			);
			defaultConfigurationIsVisible = 0;
			defaultConfigurationName = Release;
		};
		9FF17A722B3F14C800D20640 /* Build configuration list for PBXNativeTarget "MovieCatalog app" */ = {
			isa = XCConfigurationList;
			buildConfigurations = (
				9FF17A732B3F14C800D20640 /* Debug */,
				9FF17A742B3F14C800D20640 /* Release */,
			);
			defaultConfigurationIsVisible = 0;
			defaultConfigurationName = Release;
		};
		9FF17A752B3F14C800D20640 /* Build configuration list for PBXNativeTarget "MovieCatalog appTests" */ = {
			isa = XCConfigurationList;
			buildConfigurations = (
				9FF17A762B3F14C800D20640 /* Debug */,
				9FF17A772B3F14C800D20640 /* Release */,
			);
			defaultConfigurationIsVisible = 0;
			defaultConfigurationName = Release;
		};
		9FF17A782B3F14C800D20640 /* Build configuration list for PBXNativeTarget "MovieCatalog appUITests" */ = {
			isa = XCConfigurationList;
			buildConfigurations = (
				9FF17A792B3F14C800D20640 /* Debug */,
				9FF17A7A2B3F14C800D20640 /* Release */,
			);
			defaultConfigurationIsVisible = 0;
			defaultConfigurationName = Release;
		};
/* End XCConfigurationList section */

/* Begin XCRemoteSwiftPackageReference section */
		9F1F1E772B47533800267928 /* XCRemoteSwiftPackageReference "Yams" */ = {
			isa = XCRemoteSwiftPackageReference;
			repositoryURL = "https://github.com/jpsim/Yams.git";
			requirement = {
				kind = upToNextMajorVersion;
				minimumVersion = 5.0.6;
			};
		};
/* End XCRemoteSwiftPackageReference section */

/* Begin XCSwiftPackageProductDependency section */
		9F1F1E782B47533800267928 /* Yams */ = {
			isa = XCSwiftPackageProductDependency;
			package = 9F1F1E772B47533800267928 /* XCRemoteSwiftPackageReference "Yams" */;
			productName = Yams;
		};
/* End XCSwiftPackageProductDependency section */
	};
	rootObject = 9FF17A452B3F14C600D20640 /* Project object */;
}
